
Microsoft Visual Studio Solution File, Format Version 12.00
# Visual Studio 14
VisualStudioVersion = 14.0.25420.1
MinimumVisualStudioVersion = 10.0.40219.1
Project("{FAE04EC0-301F-11D3-BF4B-00C04F79EFBC}") = "Web", "Web\Web.csproj", "{35E0EE30-1C52-4D32-A4D4-D2DB2E34CA11}"
EndProject
Global
	GlobalSection(SolutionConfigurationPlatforms) = preSolution
		Debug|Any CPU = Debug|Any CPU
		Release|Any CPU = Release|Any CPU
	EndGlobalSection
	GlobalSection(ProjectConfigurationPlatforms) = postSolution
		{35E0EE30-1C52-4D32-A4D4-D2DB2E34CA11}.Debug|Any CPU.ActiveCfg = Debug|Any CPU
		{35E0EE30-1C52-4D32-A4D4-D2DB2E34CA11}.Debug|Any CPU.Build.0 = Debug|Any CPU
		{35E0EE30-1C52-4D32-A4D4-D2DB2E34CA11}.Release|Any CPU.ActiveCfg = Release|Any CPU
		{35E0EE30-1C52-4D32-A4D4-D2DB2E34CA11}.Release|Any CPU.Build.0 = Release|Any CPU
	EndGlobalSection
	GlobalSection(SolutionProperties) = preSolution
		HideSolutionNode = FALSE
	EndGlobalSection
	GlobalSection(ExtensibilityGlobals) = postSolution
		SolutionGuid = {088929A0-1817-4BDC-A6DC-17AC307C5C9C}
	EndGlobalSection
EndGlobal
